
Microsoft Visual Studio Solution File, Format Version 12.00
# Visual Studio Version 17
VisualStudioVersion = 17.0.31903.59
MinimumVisualStudioVersion = 10.0.40219.1
Project("{2150E333-8FDC-42A3-9474-1A3956D46DE8}") = "src", "src", "{827E0CD3-B72D-47B6-A68D-7590B98EB39B}"
EndProject
Project("{2150E333-8FDC-42A3-9474-1A3956D46DE8}") = "AzureDevOpsMcp", "AzureDevOpsMcp", "{BE1FC8AB-ACE4-6EDE-0EED-DE668E8FB68B}"
EndProject
Project("{FAE04EC0-301F-11D3-BF4B-00C04F79EFBC}") = "AzureDevOpsMcp", "src\AzureDevOpsMcp\AzureDevOpsMcp\AzureDevOpsMcp.csproj", "{071CC2D1-823F-42EA-B84D-458F28A33676}"
EndProject
Project("{FAE04EC0-301F-11D3-BF4B-00C04F79EFBC}") = "AzureDevOpsMcp.Tests", "src\AzureDevOpsMcp\AzureDevOpsMcp.Tests\AzureDevOpsMcp.Tests.csproj", "{AF2BAB7D-47E7-4150-AA1D-8694BE124355}"
EndProject
Global
	GlobalSection(SolutionConfigurationPlatforms) = preSolution
		Debug|Any CPU = Debug|Any CPU
		Debug|x64 = Debug|x64
		Debug|x86 = Debug|x86
		Release|Any CPU = Release|Any CPU
		Release|x64 = Release|x64
		Release|x86 = Release|x86
	EndGlobalSection
	GlobalSection(ProjectConfigurationPlatforms) = postSolution
		{071CC2D1-823F-42EA-B84D-458F28A33676}.Debug|Any CPU.ActiveCfg = Debug|Any CPU
		{071CC2D1-823F-42EA-B84D-458F28A33676}.Debug|Any CPU.Build.0 = Debug|Any CPU
		{071CC2D1-823F-42EA-B84D-458F28A33676}.Debug|x64.ActiveCfg = Debug|Any CPU
		{071CC2D1-823F-42EA-B84D-458F28A33676}.Debug|x64.Build.0 = Debug|Any CPU
		{071CC2D1-823F-42EA-B84D-458F28A33676}.Debug|x86.ActiveCfg = Debug|Any CPU
		{071CC2D1-823F-42EA-B84D-458F28A33676}.Debug|x86.Build.0 = Debug|Any CPU
		{071CC2D1-823F-42EA-B84D-458F28A33676}.Release|Any CPU.ActiveCfg = Release|Any CPU
		{071CC2D1-823F-42EA-B84D-458F28A33676}.Release|Any CPU.Build.0 = Release|Any CPU
		{071CC2D1-823F-42EA-B84D-458F28A33676}.Release|x64.ActiveCfg = Release|Any CPU
		{071CC2D1-823F-42EA-B84D-458F28A33676}.Release|x64.Build.0 = Release|Any CPU
		{071CC2D1-823F-42EA-B84D-458F28A33676}.Release|x86.ActiveCfg = Release|Any CPU
		{071CC2D1-823F-42EA-B84D-458F28A33676}.Release|x86.Build.0 = Release|Any CPU
		{AF2BAB7D-47E7-4150-AA1D-8694BE124355}.Debug|Any CPU.ActiveCfg = Debug|Any CPU
		{AF2BAB7D-47E7-4150-AA1D-8694BE124355}.Debug|Any CPU.Build.0 = Debug|Any CPU
		{AF2BAB7D-47E7-4150-AA1D-8694BE124355}.Debug|x64.ActiveCfg = Debug|Any CPU
		{AF2BAB7D-47E7-4150-AA1D-8694BE124355}.Debug|x64.Build.0 = Debug|Any CPU
		{AF2BAB7D-47E7-4150-AA1D-8694BE124355}.Debug|x86.ActiveCfg = Debug|Any CPU
		{AF2BAB7D-47E7-4150-AA1D-8694BE124355}.Debug|x86.Build.0 = Debug|Any CPU
		{AF2BAB7D-47E7-4150-AA1D-8694BE124355}.Release|Any CPU.ActiveCfg = Release|Any CPU
		{AF2BAB7D-47E7-4150-AA1D-8694BE124355}.Release|Any CPU.Build.0 = Release|Any CPU
		{AF2BAB7D-47E7-4150-AA1D-8694BE124355}.Release|x64.ActiveCfg = Release|Any CPU
		{AF2BAB7D-47E7-4150-AA1D-8694BE124355}.Release|x64.Build.0 = Release|Any CPU
		{AF2BAB7D-47E7-4150-AA1D-8694BE124355}.Release|x86.ActiveCfg = Release|Any CPU
		{AF2BAB7D-47E7-4150-AA1D-8694BE124355}.Release|x86.Build.0 = Release|Any CPU
	EndGlobalSection
	GlobalSection(SolutionProperties) = preSolution
		HideSolutionNode = FALSE
	EndGlobalSection
	GlobalSection(NestedProjects) = preSolution
		{BE1FC8AB-ACE4-6EDE-0EED-DE668E8FB68B} = {827E0CD3-B72D-47B6-A68D-7590B98EB39B}
		{071CC2D1-823F-42EA-B84D-458F28A33676} = {BE1FC8AB-ACE4-6EDE-0EED-DE668E8FB68B}
		{AF2BAB7D-47E7-4150-AA1D-8694BE124355} = {BE1FC8AB-ACE4-6EDE-0EED-DE668E8FB68B}
	EndGlobalSection
EndGlobal
